
Microsoft Visual Studio Solution File, Format Version 12.00
# Visual Studio Version 17
VisualStudioVersion = 17.11.35327.3
MinimumVisualStudioVersion = 10.0.40219.1
Project("{FAE04EC0-301F-11D3-BF4B-00C04F79EFBC}") = "SchoolVoetbalAPI", "SchoolVoetbalAPI\SchoolVoetbalAPI.csproj", "{EB8592E9-8839-4A2E-80F7-878DA6C50907}"
EndProject
Global
	GlobalSection(SolutionConfigurationPlatforms) = preSolution
		Debug|Any CPU = Debug|Any CPU
		Release|Any CPU = Release|Any CPU
	EndGlobalSection
	GlobalSection(ProjectConfigurationPlatforms) = postSolution
		{EB8592E9-8839-4A2E-80F7-878DA6C50907}.Debug|Any CPU.ActiveCfg = Debug|Any CPU
		{EB8592E9-8839-4A2E-80F7-878DA6C50907}.Debug|Any CPU.Build.0 = Debug|Any CPU
		{EB8592E9-8839-4A2E-80F7-878DA6C50907}.Release|Any CPU.ActiveCfg = Release|Any CPU
		{EB8592E9-8839-4A2E-80F7-878DA6C50907}.Release|Any CPU.Build.0 = Release|Any CPU
	EndGlobalSection
	GlobalSection(SolutionProperties) = preSolution
		HideSolutionNode = FALSE
	EndGlobalSection
	GlobalSection(ExtensibilityGlobals) = postSolution
		SolutionGuid = {E9937580-962E-47ED-B546-2DCE9D7106DC}
	EndGlobalSection
EndGlobal
